// !$*UTF8*$!
{
	archiveVersion = 1;
	classes = {
	};
	objectVersion = 50;
	objects = {

/* Begin PBXBuildFile section */
		067199CD26FABE230077E340 /* AppDelegate.swift in Sources */ = {isa = PBXBuildFile; fileRef = 067199CC26FABE230077E340 /* AppDelegate.swift */; };
		067199CF26FABE230077E340 /* SceneDelegate.swift in Sources */ = {isa = PBXBuildFile; fileRef = 067199CE26FABE230077E340 /* SceneDelegate.swift */; };
		067199D126FABE230077E340 /* ViewController.swift in Sources */ = {isa = PBXBuildFile; fileRef = 067199D026FABE230077E340 /* ViewController.swift */; };
		067199D426FABE230077E340 /* Main.storyboard in Resources */ = {isa = PBXBuildFile; fileRef = 067199D226FABE230077E340 /* Main.storyboard */; };
		067199D626FABE280077E340 /* Assets.xcassets in Resources */ = {isa = PBXBuildFile; fileRef = 067199D526FABE280077E340 /* Assets.xcassets */; };
		067199D926FABE280077E340 /* LaunchScreen.storyboard in Resources */ = {isa = PBXBuildFile; fileRef = 067199D726FABE280077E340 /* LaunchScreen.storyboard */; };
		067199E426FABF5E0077E340 /* DogAPI.swift in Sources */ = {isa = PBXBuildFile; fileRef = 067199E326FABF5E0077E340 /* DogAPI.swift */; };
		067199E626FB4BDC0077E340 /* DogImage.swift in Sources */ = {isa = PBXBuildFile; fileRef = 067199E526FB4BDC0077E340 /* DogImage.swift */; };
		0694321C2752927D00EC1522 /* BreedsListResponse.swift in Sources */ = {isa = PBXBuildFile; fileRef = 0694321B2752927C00EC1522 /* BreedsListResponse.swift */; };
/* End PBXBuildFile section */

/* Begin PBXFileReference section */
		067199C926FABE230077E340 /* ranDog.app */ = {isa = PBXFileReference; explicitFileType = wrapper.application; includeInIndex = 0; path = ranDog.app; sourceTree = BUILT_PRODUCTS_DIR; };
		067199CC26FABE230077E340 /* AppDelegate.swift */ = {isa = PBXFileReference; lastKnownFileType = sourcecode.swift; path = AppDelegate.swift; sourceTree = "<group>"; };
		067199CE26FABE230077E340 /* SceneDelegate.swift */ = {isa = PBXFileReference; lastKnownFileType = sourcecode.swift; path = SceneDelegate.swift; sourceTree = "<group>"; };
		067199D026FABE230077E340 /* ViewController.swift */ = {isa = PBXFileReference; lastKnownFileType = sourcecode.swift; path = ViewController.swift; sourceTree = "<group>"; };
		067199D326FABE230077E340 /* Base */ = {isa = PBXFileReference; lastKnownFileType = file.storyboard; name = Base; path = Base.lproj/Main.storyboard; sourceTree = "<group>"; };
		067199D526FABE280077E340 /* Assets.xcassets */ = {isa = PBXFileReference; lastKnownFileType = folder.assetcatalog; path = Assets.xcassets; sourceTree = "<group>"; };
		067199D826FABE280077E340 /* Base */ = {isa = PBXFileReference; lastKnownFileType = file.storyboard; name = Base; path = Base.lproj/LaunchScreen.storyboard; sourceTree = "<group>"; };
		067199DA26FABE280077E340 /* Info.plist */ = {isa = PBXFileReference; lastKnownFileType = text.plist.xml; path = Info.plist; sourceTree = "<group>"; };
		067199E326FABF5E0077E340 /* DogAPI.swift */ = {isa = PBXFileReference; lastKnownFileType = sourcecode.swift; path = DogAPI.swift; sourceTree = "<group>"; };
		067199E526FB4BDC0077E340 /* DogImage.swift */ = {isa = PBXFileReference; lastKnownFileType = sourcecode.swift; path = DogImage.swift; sourceTree = "<group>"; };
		0694321B2752927C00EC1522 /* BreedsListResponse.swift */ = {isa = PBXFileReference; lastKnownFileType = sourcecode.swift; path = BreedsListResponse.swift; sourceTree = "<group>"; };
/* End PBXFileReference section */

/* Begin PBXFrameworksBuildPhase section */
		067199C626FABE230077E340 /* Frameworks */ = {
			isa = PBXFrameworksBuildPhase;
			buildActionMask = 2147483647;
			files = (
			);
			runOnlyForDeploymentPostprocessing = 0;
		};
/* End PBXFrameworksBuildPhase section */

/* Begin PBXGroup section */
		067199C026FABE230077E340 = {
			isa = PBXGroup;
			children = (
				067199CB26FABE230077E340 /* ranDog */,
				067199CA26FABE230077E340 /* Products */,
			);
			sourceTree = "<group>";
		};
		067199CA26FABE230077E340 /* Products */ = {
			isa = PBXGroup;
			children = (
				067199C926FABE230077E340 /* ranDog.app */,
			);
			name = Products;
			sourceTree = "<group>";
		};
		067199CB26FABE230077E340 /* ranDog */ = {
			isa = PBXGroup;
			children = (
				067199E226FABF440077E340 /* Model */,
				067199E126FABE720077E340 /* Controller */,
				067199E026FABE560077E340 /* View */,
				067199DA26FABE280077E340 /* Info.plist */,
			);
			path = ranDog;
			sourceTree = "<group>";
		};
		067199E026FABE560077E340 /* View */ = {
			isa = PBXGroup;
			children = (
				067199D226FABE230077E340 /* Main.storyboard */,
				067199D526FABE280077E340 /* Assets.xcassets */,
				067199D726FABE280077E340 /* LaunchScreen.storyboard */,
			);
			path = View;
			sourceTree = "<group>";
		};
		067199E126FABE720077E340 /* Controller */ = {
			isa = PBXGroup;
			children = (
				067199CC26FABE230077E340 /* AppDelegate.swift */,
				067199CE26FABE230077E340 /* SceneDelegate.swift */,
				067199D026FABE230077E340 /* ViewController.swift */,
			);
			path = Controller;
			sourceTree = "<group>";
		};
		067199E226FABF440077E340 /* Model */ = {
			isa = PBXGroup;
			children = (
				067199E326FABF5E0077E340 /* DogAPI.swift */,
				0694321B2752927C00EC1522 /* BreedsListResponse.swift */,
				067199E526FB4BDC0077E340 /* DogImage.swift */,
			);
			path = Model;
			sourceTree = "<group>";
		};
/* End PBXGroup section */

/* Begin PBXNativeTarget section */
		067199C826FABE230077E340 /* ranDog */ = {
			isa = PBXNativeTarget;
			buildConfigurationList = 067199DD26FABE280077E340 /* Build configuration list for PBXNativeTarget "ranDog" */;
			buildPhases = (
				067199C526FABE230077E340 /* Sources */,
				067199C626FABE230077E340 /* Frameworks */,
				067199C726FABE230077E340 /* Resources */,
			);
			buildRules = (
			);
			dependencies = (
			);
			name = ranDog;
			productName = ranDog;
			productReference = 067199C926FABE230077E340 /* ranDog.app */;
			productType = "com.apple.product-type.application";
		};
/* End PBXNativeTarget section */

/* Begin PBXProject section */
		067199C126FABE230077E340 /* Project object */ = {
			isa = PBXProject;
			attributes = {
				LastSwiftUpdateCheck = 1250;
				LastUpgradeCheck = 1250;
				TargetAttributes = {
					067199C826FABE230077E340 = {
						CreatedOnToolsVersion = 12.5.1;
					};
				};
			};
			buildConfigurationList = 067199C426FABE230077E340 /* Build configuration list for PBXProject "ranDog" */;
			compatibilityVersion = "Xcode 9.3";
			developmentRegion = en;
			hasScannedForEncodings = 0;
			knownRegions = (
				en,
				Base,
			);
			mainGroup = 067199C026FABE230077E340;
			productRefGroup = 067199CA26FABE230077E340 /* Products */;
			projectDirPath = "";
			projectRoot = "";
			targets = (
				067199C826FABE230077E340 /* ranDog */,
			);
		};
/* End PBXProject section */

/* Begin PBXResourcesBuildPhase section */
		067199C726FABE230077E340 /* Resources */ = {
			isa = PBXResourcesBuildPhase;
			buildActionMask = 2147483647;
			files = (
				067199D926FABE280077E340 /* LaunchScreen.storyboard in Resources */,
				067199D626FABE280077E340 /* Assets.xcassets in Resources */,
				067199D426FABE230077E340 /* Main.storyboard in Resources */,
			);
			runOnlyForDeploymentPostprocessing = 0;
		};
/* End PBXResourcesBuildPhase section */

/* Begin PBXSourcesBuildPhase section */
		067199C526FABE230077E340 /* Sources */ = {
			isa = PBXSourcesBuildPhase;
			buildActionMask = 2147483647;
			files = (
				067199D126FABE230077E340 /* ViewController.swift in Sources */,
				067199E626FB4BDC0077E340 /* DogImage.swift in Sources */,
				067199CD26FABE230077E340 /* AppDelegate.swift in Sources */,
				0694321C2752927D00EC1522 /* BreedsListResponse.swift in Sources */,
				067199CF26FABE230077E340 /* SceneDelegate.swift in Sources */,
				067199E426FABF5E0077E340 /* DogAPI.swift in Sources */,
			);
			runOnlyForDeploymentPostprocessing = 0;
		};
/* End PBXSourcesBuildPhase section */

/* Begin PBXVariantGroup section */
		067199D226FABE230077E340 /* Main.storyboard */ = {
			isa = PBXVariantGroup;
			children = (
				067199D326FABE230077E340 /* Base */,
			);
			name = Main.storyboard;
			sourceTree = "<group>";
		};
		067199D726FABE280077E340 /* LaunchScreen.storyboard */ = {
			isa = PBXVariantGroup;
			children = (
				067199D826FABE280077E340 /* Base */,
			);
			name = LaunchScreen.storyboard;
			sourceTree = "<group>";
		};
/* End PBXVariantGroup section */

/* Begin XCBuildConfiguration section */
		067199DB26FABE280077E340 /* Debug */ = {
			isa = XCBuildConfiguration;
			buildSettings = {
				ALWAYS_SEARCH_USER_PATHS = NO;
				CLANG_ANALYZER_NONNULL = YES;
				CLANG_ANALYZER_NUMBER_OBJECT_CONVERSION = YES_AGGRESSIVE;
				CLANG_CXX_LANGUAGE_STANDARD = "gnu++14";
				CLANG_CXX_LIBRARY = "libc++";
				CLANG_ENABLE_MODULES = YES;
				CLANG_ENABLE_OBJC_ARC = YES;
				CLANG_ENABLE_OBJC_WEAK = YES;
				CLANG_WARN_BLOCK_CAPTURE_AUTORELEASING = YES;
				CLANG_WARN_BOOL_CONVERSION = YES;
				CLANG_WARN_COMMA = YES;
				CLANG_WARN_CONSTANT_CONVERSION = YES;
				CLANG_WARN_DEPRECATED_OBJC_IMPLEMENTATIONS = YES;
				CLANG_WARN_DIRECT_OBJC_ISA_USAGE = YES_ERROR;
				CLANG_WARN_DOCUMENTATION_COMMENTS = YES;
				CLANG_WARN_EMPTY_BODY = YES;
				CLANG_WARN_ENUM_CONVERSION = YES;
				CLANG_WARN_INFINITE_RECURSION = YES;
				CLANG_WARN_INT_CONVERSION = YES;
				CLANG_WARN_NON_LITERAL_NULL_CONVERSION = YES;
				CLANG_WARN_OBJC_IMPLICIT_RETAIN_SELF = YES;
				CLANG_WARN_OBJC_LITERAL_CONVERSION = YES;
				CLANG_WARN_OBJC_ROOT_CLASS = YES_ERROR;
				CLANG_WARN_QUOTED_INCLUDE_IN_FRAMEWORK_HEADER = YES;
				CLANG_WARN_RANGE_LOOP_ANALYSIS = YES;
				CLANG_WARN_STRICT_PROTOTYPES = YES;
				CLANG_WARN_SUSPICIOUS_MOVE = YES;
				CLANG_WARN_UNGUARDED_AVAILABILITY = YES_AGGRESSIVE;
				CLANG_WARN_UNREACHABLE_CODE = YES;
				CLANG_WARN__DUPLICATE_METHOD_MATCH = YES;
				COPY_PHASE_STRIP = NO;
				DEBUG_INFORMATION_FORMAT = dwarf;
				ENABLE_STRICT_OBJC_MSGSEND = YES;
				ENABLE_TESTABILITY = YES;
				GCC_C_LANGUAGE_STANDARD = gnu11;
				GCC_DYNAMIC_NO_PIC = NO;
				GCC_NO_COMMON_BLOCKS = YES;
				GCC_OPTIMIZATION_LEVEL = 0;
				GCC_PREPROCESSOR_DEFINITIONS = (
					"DEBUG=1",
					"$(inherited)",
				);
				GCC_WARN_64_TO_32_BIT_CONVERSION = YES;
				GCC_WARN_ABOUT_RETURN_TYPE = YES_ERROR;
				GCC_WARN_UNDECLARED_SELECTOR = YES;
				GCC_WARN_UNINITIALIZED_AUTOS = YES_AGGRESSIVE;
				GCC_WARN_UNUSED_FUNCTION = YES;
				GCC_WARN_UNUSED_VARIABLE = YES;
				IPHONEOS_DEPLOYMENT_TARGET = 14.5;
				MTL_ENABLE_DEBUG_INFO = INCLUDE_SOURCE;
				MTL_FAST_MATH = YES;
				ONLY_ACTIVE_ARCH = YES;
				SDKROOT = iphoneos;
				SWIFT_ACTIVE_COMPILATION_CONDITIONS = DEBUG;
				SWIFT_OPTIMIZATION_LEVEL = "-Onone";
			};
			name = Debug;
		};
		067199DC26FABE280077E340 /* Release */ = {
			isa = XCBuildConfiguration;
			buildSettings = {
				ALWAYS_SEARCH_USER_PATHS = NO;
				CLANG_ANALYZER_NONNULL = YES;
				CLANG_ANALYZER_NUMBER_OBJECT_CONVERSION = YES_AGGRESSIVE;
				CLANG_CXX_LANGUAGE_STANDARD = "gnu++14";
				CLANG_CXX_LIBRARY = "libc++";
				CLANG_ENABLE_MODULES = YES;
				CLANG_ENABLE_OBJC_ARC = YES;
				CLANG_ENABLE_OBJC_WEAK = YES;
				CLANG_WARN_BLOCK_CAPTURE_AUTORELEASING = YES;
				CLANG_WARN_BOOL_CONVERSION = YES;
				CLANG_WARN_COMMA = YES;
				CLANG_WARN_CONSTANT_CONVERSION = YES;
				CLANG_WARN_DEPRECATED_OBJC_IMPLEMENTATIONS = YES;
				CLANG_WARN_DIRECT_OBJC_ISA_USAGE = YES_ERROR;
				CLANG_WARN_DOCUMENTATION_COMMENTS = YES;
				CLANG_WARN_EMPTY_BODY = YES;
				CLANG_WARN_ENUM_CONVERSION = YES;
				CLANG_WARN_INFINITE_RECURSION = YES;
				CLANG_WARN_INT_CONVERSION = YES;
				CLANG_WARN_NON_LITERAL_NULL_CONVERSION = YES;
				CLANG_WARN_OBJC_IMPLICIT_RETAIN_SELF = YES;
				CLANG_WARN_OBJC_LITERAL_CONVERSION = YES;
				CLANG_WARN_OBJC_ROOT_CLASS = YES_ERROR;
				CLANG_WARN_QUOTED_INCLUDE_IN_FRAMEWORK_HEADER = YES;
				CLANG_WARN_RANGE_LOOP_ANALYSIS = YES;
				CLANG_WARN_STRICT_PROTOTYPES = YES;
				CLANG_WARN_SUSPICIOUS_MOVE = YES;
				CLANG_WARN_UNGUARDED_AVAILABILITY = YES_AGGRESSIVE;
				CLANG_WARN_UNREACHABLE_CODE = YES;
				CLANG_WARN__DUPLICATE_METHOD_MATCH = YES;
				COPY_PHASE_STRIP = NO;
				DEBUG_INFORMATION_FORMAT = "dwarf-with-dsym";
				ENABLE_NS_ASSERTIONS = NO;
				ENABLE_STRICT_OBJC_MSGSEND = YES;
				GCC_C_LANGUAGE_STANDARD = gnu11;
				GCC_NO_COMMON_BLOCKS = YES;
				GCC_WARN_64_TO_32_BIT_CONVERSION = YES;
				GCC_WARN_ABOUT_RETURN_TYPE = YES_ERROR;
				GCC_WARN_UNDECLARED_SELECTOR = YES;
				GCC_WARN_UNINITIALIZED_AUTOS = YES_AGGRESSIVE;
				GCC_WARN_UNUSED_FUNCTION = YES;
				GCC_WARN_UNUSED_VARIABLE = YES;
				IPHONEOS_DEPLOYMENT_TARGET = 14.5;
				MTL_ENABLE_DEBUG_INFO = NO;
				MTL_FAST_MATH = YES;
				SDKROOT = iphoneos;
				SWIFT_COMPILATION_MODE = wholemodule;
				SWIFT_OPTIMIZATION_LEVEL = "-O";
				VALIDATE_PRODUCT = YES;
			};
			name = Release;
		};
		067199DE26FABE280077E340 /* Debug */ = {
			isa = XCBuildConfiguration;
			buildSettings = {
				ASSETCATALOG_COMPILER_APPICON_NAME = AppIcon;
				ASSETCATALOG_COMPILER_GLOBAL_ACCENT_COLOR_NAME = AccentColor;
				CODE_SIGN_STYLE = Automatic;
				INFOPLIST_FILE = ranDog/Info.plist;
				LD_RUNPATH_SEARCH_PATHS = (
					"$(inherited)",
					"@executable_path/Frameworks",
				);
				PRODUCT_BUNDLE_IDENTIFIER = com.mubozk.ranDog;
				PRODUCT_NAME = "$(TARGET_NAME)";
				SWIFT_VERSION = 5.0;
				TARGETED_DEVICE_FAMILY = "1,2";
			};
			name = Debug;
		};
		067199DF26FABE280077E340 /* Release */ = {
			isa = XCBuildConfiguration;
			buildSettings = {
				ASSETCATALOG_COMPILER_APPICON_NAME = AppIcon;
				ASSETCATALOG_COMPILER_GLOBAL_ACCENT_COLOR_NAME = AccentColor;
				CODE_SIGN_STYLE = Automatic;
				INFOPLIST_FILE = ranDog/Info.plist;
				LD_RUNPATH_SEARCH_PATHS = (
					"$(inherited)",
					"@executable_path/Frameworks",
				);
				PRODUCT_BUNDLE_IDENTIFIER = com.mubozk.ranDog;
				PRODUCT_NAME = "$(TARGET_NAME)";
				SWIFT_VERSION = 5.0;
				TARGETED_DEVICE_FAMILY = "1,2";
			};
			name = Release;
		};
/* End XCBuildConfiguration section */

/* Begin XCConfigurationList section */
		067199C426FABE230077E340 /* Build configuration list for PBXProject "ranDog" */ = {
			isa = XCConfigurationList;
			buildConfigurations = (
				067199DB26FABE280077E340 /* Debug */,
				067199DC26FABE280077E340 /* Release */,
			);
			defaultConfigurationIsVisible = 0;
			defaultConfigurationName = Release;
		};
		067199DD26FABE280077E340 /* Build configuration list for PBXNativeTarget "ranDog" */ = {
			isa = XCConfigurationList;
			buildConfigurations = (
				067199DE26FABE280077E340 /* Debug */,
				067199DF26FABE280077E340 /* Release */,
			);
			defaultConfigurationIsVisible = 0;
			defaultConfigurationName = Release;
		};
/* End XCConfigurationList section */
	};
	rootObject = 067199C126FABE230077E340 /* Project object */;
}
